{
  "requires": true,
  "lockfileVersion": 1,
  "dependencies": {
    "@handsontable/vue": {
      "version": "5.1.0",
      "resolved": "https://registry.npmjs.org/@handsontable/vue/-/vue-5.1.0.tgz",
      "integrity": "sha512-FN84xXK/+XA+UZSMzBpM05gpE4XSXXwlecHcFJr0OOlQ1X7B5CruLIIqjLFryRfJOFL31epiYbns4iSxaUakCg=="
    }
  }
}
